PODS:
  - Alamofire (4.8.2)
  - JCore (1.2.6)
  - JPush (3.1.0):
    - JCore (~> 1.2.0)
  - Kingfisher (5.13.2):
    - Kingfisher/Core (= 5.13.2)
  - Kingfisher/Core (5.13.2)
  - Moya/Core (13.0.1):
    - Alamofire (~> 4.1)
    - Result (~> 4.1)
  - Moya/RxSwift (13.0.1):
    - Moya/Core
    - RxSwift (~> 4.0)
  - Result (4.1.0)
  - RxCocoa (4.5.0):
    - RxSwift (>= 4.4.2, ~> 4.4)
  - RxSwift (4.5.0)
  - SHSearchBar (1.7.0)
  - Sugar (5.0.0)

DEPENDENCIES:
  - Alamofire (= 4.8.2)
  - JPush (= 3.1.0)
  - Kingfisher (~> 5.0)
  - Moya/RxSwift (= 13.0.1)
  - RxCocoa (= 4.5.0)
  - RxSwift (= 4.5.0)
  - SHSearchBar
  - Sugar

SPEC REPOS:
  https://github.com/CocoaPods/Specs.git:
    - Alamofire
    - JCore
    - JPush
    - Kingfisher
    - Moya
    - Result
    - RxCocoa
    - RxSwift
    - SHSearchBar
    - Sugar

SPEC CHECKSUMS:
  Alamofire: ae5c501addb7afdbb13687d7f2f722c78734c2d3
  JCore: cae516dd2bf1a73b578ce6e1065abd49e709e0f7
  JPush: 5921e25ad13e0386351079217b009f2039084eac
  Kingfisher: d342c8354c10c3d85a27d6d4c42c41285924b898
  Moya: f4a4b80ff2f8a4ffc208dfb31cd91636622fee6e
  Result: bd966fac789cc6c1563440b348ab2598cc24d5c7
  RxCocoa: cbf70265dc65a981d4ac982e513c10cf23df24a0
  RxSwift: f172070dfd1a93d70a9ab97a5a01166206e1c575
  SHSearchBar: 9fcc9daff8a3264386b975961de6c485f33439d4
  Sugar: 0f496c0b06e3273f0fc337f9cfca8a2afdebf9bb

PODFILE CHECKSUM: 435b718aa34cf6f7ac4660b564a16eb58c8489c1

COCOAPODS: 1.9.1
