// !$*UTF8*$!
{
	archiveVersion = 1;
	classes = {
	};
	objectVersion = 51;
	objects = {

/* Begin PBXBuildFile section */
		38594A6E54A28A861F154BF9 /* Pods_SportsSearch.framework in Frameworks */ = {isa = PBXBuildFile; fileRef = F1A40884E3171C5F3A59B85D /* Pods_SportsSearch.framework */; };
		3B85F8412468096B007EBA1C /* PlayerDetailViewController.swift in Sources */ = {isa = PBXBuildFile; fileRef = 3B85F83F2468096B007EBA1C /* PlayerDetailViewController.swift */; };
		3B85F8422468096B007EBA1C /* PlayerDetailViewController.xib in Resources */ = {isa = PBXBuildFile; fileRef = 3B85F8402468096B007EBA1C /* PlayerDetailViewController.xib */; };
		3B85F84524680A32007EBA1C /* BaseTableViewCell.swift in Sources */ = {isa = PBXBuildFile; fileRef = 3B85F84324680A32007EBA1C /* BaseTableViewCell.swift */; };
		3B85F84624680A32007EBA1C /* BaseCollectionViewCell.swift in Sources */ = {isa = PBXBuildFile; fileRef = 3B85F84424680A32007EBA1C /* BaseCollectionViewCell.swift */; };
		3B85F84824680A94007EBA1C /* Identifiable.swift in Sources */ = {isa = PBXBuildFile; fileRef = 3B85F84724680A94007EBA1C /* Identifiable.swift */; };
		3B85F84E24680AE8007EBA1C /* PlayerBreifInfoTableViewCell.swift in Sources */ = {isa = PBXBuildFile; fileRef = 3B85F84C24680AE8007EBA1C /* PlayerBreifInfoTableViewCell.swift */; };
		3B85F84F24680AE8007EBA1C /* PlayerBreifInfoTableViewCell.xib in Resources */ = {isa = PBXBuildFile; fileRef = 3B85F84D24680AE8007EBA1C /* PlayerBreifInfoTableViewCell.xib */; };
		3B85F85124680D36007EBA1C /* UIView+Additions.swift in Sources */ = {isa = PBXBuildFile; fileRef = 3B85F85024680D36007EBA1C /* UIView+Additions.swift */; };
		3B85F85424684394007EBA1C /* PlayerDescTableViewCell.swift in Sources */ = {isa = PBXBuildFile; fileRef = 3B85F85224684394007EBA1C /* PlayerDescTableViewCell.swift */; };
		3B85F85524684394007EBA1C /* PlayerDescTableViewCell.xib in Resources */ = {isa = PBXBuildFile; fileRef = 3B85F85324684394007EBA1C /* PlayerDescTableViewCell.xib */; };
		3B85F85824684C86007EBA1C /* PlayerDetailSectionModel.swift in Sources */ = {isa = PBXBuildFile; fileRef = 3B85F85724684C86007EBA1C /* PlayerDetailSectionModel.swift */; };
		3B85F85B24684D5D007EBA1C /* PlayerPhotoCollectionTableViewCell.swift in Sources */ = {isa = PBXBuildFile; fileRef = 3B85F85924684D5D007EBA1C /* PlayerPhotoCollectionTableViewCell.swift */; };
		3B85F85C24684D5D007EBA1C /* PlayerPhotoCollectionTableViewCell.xib in Resources */ = {isa = PBXBuildFile; fileRef = 3B85F85A24684D5D007EBA1C /* PlayerPhotoCollectionTableViewCell.xib */; };
		3B85F85F2469028D007EBA1C /* PlayerSocialTableViewCell.swift in Sources */ = {isa = PBXBuildFile; fileRef = 3B85F85D2469028D007EBA1C /* PlayerSocialTableViewCell.swift */; };
		3B85F8602469028D007EBA1C /* PlayerSocialTableViewCell.xib in Resources */ = {isa = PBXBuildFile; fileRef = 3B85F85E2469028D007EBA1C /* PlayerSocialTableViewCell.xib */; };
		3B85F86224696BDE007EBA1C /* SportsType.swift in Sources */ = {isa = PBXBuildFile; fileRef = 3B85F86124696BDD007EBA1C /* SportsType.swift */; };
		D70C0B26244ADC2B00F35430 /* PlayerResult.swift in Sources */ = {isa = PBXBuildFile; fileRef = D70C0B24244ADC2B00F35430 /* PlayerResult.swift */; };
		D70C0B27244ADC2B00F35430 /* Player.swift in Sources */ = {isa = PBXBuildFile; fileRef = D70C0B25244ADC2B00F35430 /* Player.swift */; };
		D70C0B2A244B2FB500F35430 /* Team.swift in Sources */ = {isa = PBXBuildFile; fileRef = D70C0B28244B2FB500F35430 /* Team.swift */; };
		D70C0B2B244B2FB500F35430 /* TeamResult.swift in Sources */ = {isa = PBXBuildFile; fileRef = D70C0B29244B2FB500F35430 /* TeamResult.swift */; };
		D70C0B2D244B303500F35430 /* APIService+Search.swift in Sources */ = {isa = PBXBuildFile; fileRef = D70C0B2C244B303500F35430 /* APIService+Search.swift */; };
		D70C0B30244B30AA00F35430 /* GlobalImports.swift in Sources */ = {isa = PBXBuildFile; fileRef = D70C0B2F244B30AA00F35430 /* GlobalImports.swift */; };
		D70C0B32244B329F00F35430 /* BaseViewController.swift in Sources */ = {isa = PBXBuildFile; fileRef = D7B99E6D2449A35E00B41DE3 /* BaseViewController.swift */; };
		D70C0B3A244B376800F35430 /* AppVersion.swift in Sources */ = {isa = PBXBuildFile; fileRef = D70C0B39244B376700F35430 /* AppVersion.swift */; };
		D7B99E272449A16C00B41DE3 /* AppDelegate.swift in Sources */ = {isa = PBXBuildFile; fileRef = D7B99E262449A16C00B41DE3 /* AppDelegate.swift */; };
		D7B99E2B2449A16C00B41DE3 /* ViewController.swift in Sources */ = {isa = PBXBuildFile; fileRef = D7B99E2A2449A16C00B41DE3 /* ViewController.swift */; };
		D7B99E2E2449A16C00B41DE3 /* Main.storyboard in Resources */ = {isa = PBXBuildFile; fileRef = D7B99E2C2449A16C00B41DE3 /* Main.storyboard */; };
		D7B99E302449A17000B41DE3 /* Assets.xcassets in Resources */ = {isa = PBXBuildFile; fileRef = D7B99E2F2449A17000B41DE3 /* Assets.xcassets */; };
		D7B99E332449A17000B41DE3 /* LaunchScreen.storyboard in Resources */ = {isa = PBXBuildFile; fileRef = D7B99E312449A17000B41DE3 /* LaunchScreen.storyboard */; };
		D7B99E402449A2A500B41DE3 /* APITarget.swift in Sources */ = {isa = PBXBuildFile; fileRef = D7B99E3B2449A2A400B41DE3 /* APITarget.swift */; };
		D7B99E412449A2A500B41DE3 /* Rx+Codable.swift in Sources */ = {isa = PBXBuildFile; fileRef = D7B99E3C2449A2A500B41DE3 /* Rx+Codable.swift */; };
		D7B99E422449A2A500B41DE3 /* APIService.swift in Sources */ = {isa = PBXBuildFile; fileRef = D7B99E3D2449A2A500B41DE3 /* APIService.swift */; };
		D7B99E432449A2A500B41DE3 /* AppError.swift in Sources */ = {isa = PBXBuildFile; fileRef = D7B99E3E2449A2A500B41DE3 /* AppError.swift */; };
		D7B99E442449A2A500B41DE3 /* Response+Codable.swift in Sources */ = {isa = PBXBuildFile; fileRef = D7B99E3F2449A2A500B41DE3 /* Response+Codable.swift */; };
		D7B99E492449A2CD00B41DE3 /* AppManager.swift in Sources */ = {isa = PBXBuildFile; fileRef = D7B99E462449A2CD00B41DE3 /* AppManager.swift */; };
		D7B99E4A2449A2CD00B41DE3 /* Const.swift in Sources */ = {isa = PBXBuildFile; fileRef = D7B99E472449A2CD00B41DE3 /* Const.swift */; };
		D7B99E4B2449A2CD00B41DE3 /* GCD.swift in Sources */ = {isa = PBXBuildFile; fileRef = D7B99E482449A2CD00B41DE3 /* GCD.swift */; };
		D7B99E502449A2FB00B41DE3 /* StoryboardInitializable.swift in Sources */ = {isa = PBXBuildFile; fileRef = D7B99E4E2449A2FB00B41DE3 /* StoryboardInitializable.swift */; };
		D7B99E512449A2FB00B41DE3 /* UserDefaultable.swift in Sources */ = {isa = PBXBuildFile; fileRef = D7B99E4F2449A2FB00B41DE3 /* UserDefaultable.swift */; };
		D7B99E5A2449A30800B41DE3 /* URL+Additions.swift in Sources */ = {isa = PBXBuildFile; fileRef = D7B99E522449A30700B41DE3 /* URL+Additions.swift */; };
		D7B99E5B2449A30800B41DE3 /* Device+Extension.swift in Sources */ = {isa = PBXBuildFile; fileRef = D7B99E532449A30700B41DE3 /* Device+Extension.swift */; };
		D7B99E5C2449A30800B41DE3 /* UIApplication+Extension.swift in Sources */ = {isa = PBXBuildFile; fileRef = D7B99E542449A30800B41DE3 /* UIApplication+Extension.swift */; };
		D7B99E5D2449A30800B41DE3 /* String+Extension.swift in Sources */ = {isa = PBXBuildFile; fileRef = D7B99E552449A30800B41DE3 /* String+Extension.swift */; };
		D7B99E5E2449A30800B41DE3 /* UserDefault+Extension.swift in Sources */ = {isa = PBXBuildFile; fileRef = D7B99E562449A30800B41DE3 /* UserDefault+Extension.swift */; };
		D7B99E5F2449A30800B41DE3 /* Date+Extension.swift in Sources */ = {isa = PBXBuildFile; fileRef = D7B99E572449A30800B41DE3 /* Date+Extension.swift */; };
		D7B99E602449A30800B41DE3 /* AppDelegate+JPushNotification.swift in Sources */ = {isa = PBXBuildFile; fileRef = D7B99E582449A30800B41DE3 /* AppDelegate+JPushNotification.swift */; };
		D7B99E612449A30800B41DE3 /* Color+Extension.swift in Sources */ = {isa = PBXBuildFile; fileRef = D7B99E592449A30800B41DE3 /* Color+Extension.swift */; };
		D7B99E662449A33200B41DE3 /* LaunchViewController.swift in Sources */ = {isa = PBXBuildFile; fileRef = D7B99E642449A33200B41DE3 /* LaunchViewController.swift */; };
		D7B99E672449A33200B41DE3 /* LaunchViewController.xib in Resources */ = {isa = PBXBuildFile; fileRef = D7B99E652449A33200B41DE3 /* LaunchViewController.xib */; };
		D7B99E6B2449A35600B41DE3 /* PrivicyViewController.xib in Resources */ = {isa = PBXBuildFile; fileRef = D7B99E692449A35600B41DE3 /* PrivicyViewController.xib */; };
		D7B99E6C2449A35600B41DE3 /* PrivicyViewController.swift in Sources */ = {isa = PBXBuildFile; fileRef = D7B99E6A2449A35600B41DE3 /* PrivicyViewController.swift */; };
		D7B99E702449A38700B41DE3 /* Alert.swift in Sources */ = {isa = PBXBuildFile; fileRef = D7B99E6F2449A38700B41DE3 /* Alert.swift */; };
		D7B99E742449A5AE00B41DE3 /* HomeViewController.swift in Sources */ = {isa = PBXBuildFile; fileRef = D7B99E722449A5AE00B41DE3 /* HomeViewController.swift */; };
		D7B99E752449A5AE00B41DE3 /* HomeViewController.xib in Resources */ = {isa = PBXBuildFile; fileRef = D7B99E732449A5AE00B41DE3 /* HomeViewController.xib */; };
		D7BDBDA2244B536400D31559 /* HomePageReactor.swift in Sources */ = {isa = PBXBuildFile; fileRef = D7BDBDA1244B536400D31559 /* HomePageReactor.swift */; };
		D7BDBDA4244B6B9400D31559 /* UIView+Blur.swift in Sources */ = {isa = PBXBuildFile; fileRef = D7BDBDA3244B6B9400D31559 /* UIView+Blur.swift */; };
		D7BDBDA7244B75D600D31559 /* DetailViewController.swift in Sources */ = {isa = PBXBuildFile; fileRef = D7BDBDA5244B75D600D31559 /* DetailViewController.swift */; };
		D7BDBDA8244B75D600D31559 /* DetailViewController.xib in Resources */ = {isa = PBXBuildFile; fileRef = D7BDBDA6244B75D600D31559 /* DetailViewController.xib */; };
/* End PBXBuildFile section */

/* Begin PBXFileReference section */
		0EF9732768ACD7975799361E /* Pods-SportsSearch.debug.xcconfig */ = {isa = PBXFileReference; includeInIndex = 1; lastKnownFileType = text.xcconfig; name = "Pods-SportsSearch.debug.xcconfig"; path = "Target Support Files/Pods-SportsSearch/Pods-SportsSearch.debug.xcconfig"; sourceTree = "<group>"; };
		3B85F83F2468096B007EBA1C /* PlayerDetailViewController.swift */ = {isa = PBXFileReference; lastKnownFileType = sourcecode.swift; path = PlayerDetailViewController.swift; sourceTree = "<group>"; };
		3B85F8402468096B007EBA1C /* PlayerDetailViewController.xib */ = {isa = PBXFileReference; lastKnownFileType = file.xib; path = PlayerDetailViewController.xib; sourceTree = "<group>"; };
		3B85F84324680A32007EBA1C /* BaseTableViewCell.swift */ = {isa = PBXFileReference; lastKnownFileType = sourcecode.swift; path = BaseTableViewCell.swift; sourceTree = "<group>"; };
		3B85F84424680A32007EBA1C /* BaseCollectionViewCell.swift */ = {isa = PBXFileReference; lastKnownFileType = sourcecode.swift; path = BaseCollectionViewCell.swift; sourceTree = "<group>"; };
		3B85F84724680A94007EBA1C /* Identifiable.swift */ = {isa = PBXFileReference; lastKnownFileType = sourcecode.swift; path = Identifiable.swift; sourceTree = "<group>"; };
		3B85F84C24680AE8007EBA1C /* PlayerBreifInfoTableViewCell.swift */ = {isa = PBXFileReference; lastKnownFileType = sourcecode.swift; path = PlayerBreifInfoTableViewCell.swift; sourceTree = "<group>"; };
		3B85F84D24680AE8007EBA1C /* PlayerBreifInfoTableViewCell.xib */ = {isa = PBXFileReference; lastKnownFileType = file.xib; path = PlayerBreifInfoTableViewCell.xib; sourceTree = "<group>"; };
		3B85F85024680D36007EBA1C /* UIView+Additions.swift */ = {isa = PBXFileReference; lastKnownFileType = sourcecode.swift; path = "UIView+Additions.swift"; sourceTree = "<group>"; };
		3B85F85224684394007EBA1C /* PlayerDescTableViewCell.swift */ = {isa = PBXFileReference; lastKnownFileType = sourcecode.swift; path = PlayerDescTableViewCell.swift; sourceTree = "<group>"; };
		3B85F85324684394007EBA1C /* PlayerDescTableViewCell.xib */ = {isa = PBXFileReference; lastKnownFileType = file.xib; path = PlayerDescTableViewCell.xib; sourceTree = "<group>"; };
		3B85F85724684C86007EBA1C /* PlayerDetailSectionModel.swift */ = {isa = PBXFileReference; lastKnownFileType = sourcecode.swift; path = PlayerDetailSectionModel.swift; sourceTree = "<group>"; };
		3B85F85924684D5D007EBA1C /* PlayerPhotoCollectionTableViewCell.swift */ = {isa = PBXFileReference; lastKnownFileType = sourcecode.swift; path = PlayerPhotoCollectionTableViewCell.swift; sourceTree = "<group>"; };
		3B85F85A24684D5D007EBA1C /* PlayerPhotoCollectionTableViewCell.xib */ = {isa = PBXFileReference; lastKnownFileType = file.xib; path = PlayerPhotoCollectionTableViewCell.xib; sourceTree = "<group>"; };
		3B85F85D2469028D007EBA1C /* PlayerSocialTableViewCell.swift */ = {isa = PBXFileReference; lastKnownFileType = sourcecode.swift; path = PlayerSocialTableViewCell.swift; sourceTree = "<group>"; };
		3B85F85E2469028D007EBA1C /* PlayerSocialTableViewCell.xib */ = {isa = PBXFileReference; lastKnownFileType = file.xib; path = PlayerSocialTableViewCell.xib; sourceTree = "<group>"; };
		3B85F86124696BDD007EBA1C /* SportsType.swift */ = {isa = PBXFileReference; lastKnownFileType = sourcecode.swift; path = SportsType.swift; sourceTree = "<group>"; };
		B12D903BB382700C4E89A686 /* Pods-SportsSearch.release.xcconfig */ = {isa = PBXFileReference; includeInIndex = 1; lastKnownFileType = text.xcconfig; name = "Pods-SportsSearch.release.xcconfig"; path = "Target Support Files/Pods-SportsSearch/Pods-SportsSearch.release.xcconfig"; sourceTree = "<group>"; };
		D70C0B24244ADC2B00F35430 /* PlayerResult.swift */ = {isa = PBXFileReference; fileEncoding = 4; lastKnownFileType = sourcecode.swift; path = PlayerResult.swift; sourceTree = "<group>"; };
		D70C0B25244ADC2B00F35430 /* Player.swift */ = {isa = PBXFileReference; fileEncoding = 4; lastKnownFileType = sourcecode.swift; path = Player.swift; sourceTree = "<group>"; };
		D70C0B28244B2FB500F35430 /* Team.swift */ = {isa = PBXFileReference; fileEncoding = 4; lastKnownFileType = sourcecode.swift; path = Team.swift; sourceTree = "<group>"; };
		D70C0B29244B2FB500F35430 /* TeamResult.swift */ = {isa = PBXFileReference; fileEncoding = 4; lastKnownFileType = sourcecode.swift; path = TeamResult.swift; sourceTree = "<group>"; };
		D70C0B2C244B303500F35430 /* APIService+Search.swift */ = {isa = PBXFileReference; lastKnownFileType = sourcecode.swift; path = "APIService+Search.swift"; sourceTree = "<group>"; };
		D70C0B2F244B30AA00F35430 /* GlobalImports.swift */ = {isa = PBXFileReference; lastKnownFileType = sourcecode.swift; path = GlobalImports.swift; sourceTree = "<group>"; };
		D70C0B35244B373900F35430 /* SportsSearch-Bridging-Header.h */ = {isa = PBXFileReference; lastKnownFileType = sourcecode.c.h; path = "SportsSearch-Bridging-Header.h"; sourceTree = "<group>"; };
		D70C0B39244B376700F35430 /* AppVersion.swift */ = {isa = PBXFileReference; lastKnownFileType = sourcecode.swift; path = AppVersion.swift; sourceTree = "<group>"; };
		D70C0B3D244B419C00F35430 /* SportsSearch.entitlements */ = {isa = PBXFileReference; lastKnownFileType = text.plist.entitlements; path = SportsSearch.entitlements; sourceTree = "<group>"; };
		D7B99E232449A16C00B41DE3 /* SportsSearch.app */ = {isa = PBXFileReference; explicitFileType = wrapper.application; includeInIndex = 0; path = SportsSearch.app; sourceTree = BUILT_PRODUCTS_DIR; };
		D7B99E262449A16C00B41DE3 /* AppDelegate.swift */ = {isa = PBXFileReference; lastKnownFileType = sourcecode.swift; path = AppDelegate.swift; sourceTree = "<group>"; };
		D7B99E2A2449A16C00B41DE3 /* ViewController.swift */ = {isa = PBXFileReference; lastKnownFileType = sourcecode.swift; path = ViewController.swift; sourceTree = "<group>"; };
		D7B99E2D2449A16C00B41DE3 /* Base */ = {isa = PBXFileReference; lastKnownFileType = file.storyboard; name = Base; path = Base.lproj/Main.storyboard; sourceTree = "<group>"; };
		D7B99E2F2449A17000B41DE3 /* Assets.xcassets */ = {isa = PBXFileReference; lastKnownFileType = folder.assetcatalog; path = Assets.xcassets; sourceTree = "<group>"; };
		D7B99E322449A17000B41DE3 /* Base */ = {isa = PBXFileReference; lastKnownFileType = file.storyboard; name = Base; path = Base.lproj/LaunchScreen.storyboard; sourceTree = "<group>"; };
		D7B99E342449A17000B41DE3 /* Info.plist */ = {isa = PBXFileReference; lastKnownFileType = text.plist.xml; path = Info.plist; sourceTree = "<group>"; };
		D7B99E3B2449A2A400B41DE3 /* APITarget.swift */ = {isa = PBXFileReference; fileEncoding = 4; lastKnownFileType = sourcecode.swift; path = APITarget.swift; sourceTree = "<group>"; };
		D7B99E3C2449A2A500B41DE3 /* Rx+Codable.swift */ = {isa = PBXFileReference; fileEncoding = 4; lastKnownFileType = sourcecode.swift; path = "Rx+Codable.swift"; sourceTree = "<group>"; };
		D7B99E3D2449A2A500B41DE3 /* APIService.swift */ = {isa = PBXFileReference; fileEncoding = 4; lastKnownFileType = sourcecode.swift; path = APIService.swift; sourceTree = "<group>"; };
		D7B99E3E2449A2A500B41DE3 /* AppError.swift */ = {isa = PBXFileReference; fileEncoding = 4; lastKnownFileType = sourcecode.swift; path = AppError.swift; sourceTree = "<group>"; };
		D7B99E3F2449A2A500B41DE3 /* Response+Codable.swift */ = {isa = PBXFileReference; fileEncoding = 4; lastKnownFileType = sourcecode.swift; path = "Response+Codable.swift"; sourceTree = "<group>"; };
		D7B99E462449A2CD00B41DE3 /* AppManager.swift */ = {isa = PBXFileReference; fileEncoding = 4; lastKnownFileType = sourcecode.swift; path = AppManager.swift; sourceTree = "<group>"; };
		D7B99E472449A2CD00B41DE3 /* Const.swift */ = {isa = PBXFileReference; fileEncoding = 4; lastKnownFileType = sourcecode.swift; path = Const.swift; sourceTree = "<group>"; };
		D7B99E482449A2CD00B41DE3 /* GCD.swift */ = {isa = PBXFileReference; fileEncoding = 4; lastKnownFileType = sourcecode.swift; path = GCD.swift; sourceTree = "<group>"; };
		D7B99E4E2449A2FB00B41DE3 /* StoryboardInitializable.swift */ = {isa = PBXFileReference; fileEncoding = 4; lastKnownFileType = sourcecode.swift; path = StoryboardInitializable.swift; sourceTree = "<group>"; };
		D7B99E4F2449A2FB00B41DE3 /* UserDefaultable.swift */ = {isa = PBXFileReference; fileEncoding = 4; lastKnownFileType = sourcecode.swift; path = UserDefaultable.swift; sourceTree = "<group>"; };
		D7B99E522449A30700B41DE3 /* URL+Additions.swift */ = {isa = PBXFileReference; fileEncoding = 4; lastKnownFileType = sourcecode.swift; path = "URL+Additions.swift"; sourceTree = "<group>"; };
		D7B99E532449A30700B41DE3 /* Device+Extension.swift */ = {isa = PBXFileReference; fileEncoding = 4; lastKnownFileType = sourcecode.swift; path = "Device+Extension.swift"; sourceTree = "<group>"; };
		D7B99E542449A30800B41DE3 /* UIApplication+Extension.swift */ = {isa = PBXFileReference; fileEncoding = 4; lastKnownFileType = sourcecode.swift; path = "UIApplication+Extension.swift"; sourceTree = "<group>"; };
		D7B99E552449A30800B41DE3 /* String+Extension.swift */ = {isa = PBXFileReference; fileEncoding = 4; lastKnownFileType = sourcecode.swift; path = "String+Extension.swift"; sourceTree = "<group>"; };
		D7B99E562449A30800B41DE3 /* UserDefault+Extension.swift */ = {isa = PBXFileReference; fileEncoding = 4; lastKnownFileType = sourcecode.swift; path = "UserDefault+Extension.swift"; sourceTree = "<group>"; };
		D7B99E572449A30800B41DE3 /* Date+Extension.swift */ = {isa = PBXFileReference; fileEncoding = 4; lastKnownFileType = sourcecode.swift; path = "Date+Extension.swift"; sourceTree = "<group>"; };
		D7B99E582449A30800B41DE3 /* AppDelegate+JPushNotification.swift */ = {isa = PBXFileReference; fileEncoding = 4; lastKnownFileType = sourcecode.swift; path = "AppDelegate+JPushNotification.swift"; sourceTree = "<group>"; };
		D7B99E592449A30800B41DE3 /* Color+Extension.swift */ = {isa = PBXFileReference; fileEncoding = 4; lastKnownFileType = sourcecode.swift; path = "Color+Extension.swift"; sourceTree = "<group>"; };
		D7B99E642449A33200B41DE3 /* LaunchViewController.swift */ = {isa = PBXFileReference; fileEncoding = 4; lastKnownFileType = sourcecode.swift; path = LaunchViewController.swift; sourceTree = "<group>"; };
		D7B99E652449A33200B41DE3 /* LaunchViewController.xib */ = {isa = PBXFileReference; fileEncoding = 4; lastKnownFileType = file.xib; path = LaunchViewController.xib; sourceTree = "<group>"; };
		D7B99E692449A35600B41DE3 /* PrivicyViewController.xib */ = {isa = PBXFileReference; fileEncoding = 4; lastKnownFileType = file.xib; path = PrivicyViewController.xib; sourceTree = "<group>"; };
		D7B99E6A2449A35600B41DE3 /* PrivicyViewController.swift */ = {isa = PBXFileReference; fileEncoding = 4; lastKnownFileType = sourcecode.swift; path = PrivicyViewController.swift; sourceTree = "<group>"; };
		D7B99E6D2449A35E00B41DE3 /* BaseViewController.swift */ = {isa = PBXFileReference; lastKnownFileType = sourcecode.swift; path = BaseViewController.swift; sourceTree = "<group>"; };
		D7B99E6F2449A38700B41DE3 /* Alert.swift */ = {isa = PBXFileReference; fileEncoding = 4; lastKnownFileType = sourcecode.swift; path = Alert.swift; sourceTree = "<group>"; };
		D7B99E722449A5AE00B41DE3 /* HomeViewController.swift */ = {isa = PBXFileReference; lastKnownFileType = sourcecode.swift; path = HomeViewController.swift; sourceTree = "<group>"; };
		D7B99E732449A5AE00B41DE3 /* HomeViewController.xib */ = {isa = PBXFileReference; lastKnownFileType = file.xib; path = HomeViewController.xib; sourceTree = "<group>"; };
		D7BDBDA1244B536400D31559 /* HomePageReactor.swift */ = {isa = PBXFileReference; lastKnownFileType = sourcecode.swift; path = HomePageReactor.swift; sourceTree = "<group>"; };
		D7BDBDA3244B6B9400D31559 /* UIView+Blur.swift */ = {isa = PBXFileReference; lastKnownFileType = sourcecode.swift; path = "UIView+Blur.swift"; sourceTree = "<group>"; };
		D7BDBDA5244B75D600D31559 /* DetailViewController.swift */ = {isa = PBXFileReference; lastKnownFileType = sourcecode.swift; path = DetailViewController.swift; sourceTree = "<group>"; };
		D7BDBDA6244B75D600D31559 /* DetailViewController.xib */ = {isa = PBXFileReference; lastKnownFileType = file.xib; path = DetailViewController.xib; sourceTree = "<group>"; };
		F1A40884E3171C5F3A59B85D /* Pods_SportsSearch.framework */ = {isa = PBXFileReference; explicitFileType = wrapper.framework; includeInIndex = 0; path = Pods_SportsSearch.framework; sourceTree = BUILT_PRODUCTS_DIR; };
/* End PBXFileReference section */

/* Begin PBXFrameworksBuildPhase section */
		D7B99E202449A16C00B41DE3 /* Frameworks */ = {
			isa = PBXFrameworksBuildPhase;
			buildActionMask = 2147483647;
			files = (
				38594A6E54A28A861F154BF9 /* Pods_SportsSearch.framework in Frameworks */,
			);
			runOnlyForDeploymentPostprocessing = 0;
		};
/* End PBXFrameworksBuildPhase section */

/* Begin PBXGroup section */
		021F52D57253C8456690B630 /* Frameworks */ = {
			isa = PBXGroup;
			children = (
				F1A40884E3171C5F3A59B85D /* Pods_SportsSearch.framework */,
			);
			name = Frameworks;
			sourceTree = "<group>";
		};
		3B85F84A24680AC3007EBA1C /* Player */ = {
			isa = PBXGroup;
			children = (
				3B85F85624684C61007EBA1C /* Model */,
				3B85F84B24680AD0007EBA1C /* view */,
				3B85F83F2468096B007EBA1C /* PlayerDetailViewController.swift */,
				3B85F8402468096B007EBA1C /* PlayerDetailViewController.xib */,
			);
			path = Player;
			sourceTree = "<group>";
		};
		3B85F84B24680AD0007EBA1C /* view */ = {
			isa = PBXGroup;
			children = (
				3B85F84C24680AE8007EBA1C /* PlayerBreifInfoTableViewCell.swift */,
				3B85F84D24680AE8007EBA1C /* PlayerBreifInfoTableViewCell.xib */,
				3B85F85224684394007EBA1C /* PlayerDescTableViewCell.swift */,
				3B85F85324684394007EBA1C /* PlayerDescTableViewCell.xib */,
				3B85F85924684D5D007EBA1C /* PlayerPhotoCollectionTableViewCell.swift */,
				3B85F85A24684D5D007EBA1C /* PlayerPhotoCollectionTableViewCell.xib */,
				3B85F85D2469028D007EBA1C /* PlayerSocialTableViewCell.swift */,
				3B85F85E2469028D007EBA1C /* PlayerSocialTableViewCell.xib */,
			);
			path = view;
			sourceTree = "<group>";
		};
		3B85F85624684C61007EBA1C /* Model */ = {
			isa = PBXGroup;
			children = (
				3B85F85724684C86007EBA1C /* PlayerDetailSectionModel.swift */,
			);
			path = Model;
			sourceTree = "<group>";
		};
		C1982E566697A041781E43E9 /* Pods */ = {
			isa = PBXGroup;
			children = (
				0EF9732768ACD7975799361E /* Pods-SportsSearch.debug.xcconfig */,
				B12D903BB382700C4E89A686 /* Pods-SportsSearch.release.xcconfig */,
			);
			path = Pods;
			sourceTree = "<group>";
		};
		D70C0B23244ADBE700F35430 /* Modles */ = {
			isa = PBXGroup;
			children = (
				D70C0B39244B376700F35430 /* AppVersion.swift */,
				D70C0B29244B2FB500F35430 /* TeamResult.swift */,
				D70C0B28244B2FB500F35430 /* Team.swift */,
				D70C0B25244ADC2B00F35430 /* Player.swift */,
				D70C0B24244ADC2B00F35430 /* PlayerResult.swift */,
				3B85F86124696BDD007EBA1C /* SportsType.swift */,
			);
			path = Modles;
			sourceTree = "<group>";
		};
		D70C0B2E244B309200F35430 /* Others */ = {
			isa = PBXGroup;
			children = (
				D7B99E342449A17000B41DE3 /* Info.plist */,
				D7B99E2F2449A17000B41DE3 /* Assets.xcassets */,
				D70C0B2F244B30AA00F35430 /* GlobalImports.swift */,
				D70C0B35244B373900F35430 /* SportsSearch-Bridging-Header.h */,
			);
			path = Others;
			sourceTree = "<group>";
		};
		D7700114244C012300D34D8A /* DetailPage */ = {
			isa = PBXGroup;
			children = (
				3B85F84A24680AC3007EBA1C /* Player */,
				D7BDBDA5244B75D600D31559 /* DetailViewController.swift */,
				D7BDBDA6244B75D600D31559 /* DetailViewController.xib */,
			);
			path = DetailPage;
			sourceTree = "<group>";
		};
		D7B99E1A2449A16C00B41DE3 = {
			isa = PBXGroup;
			children = (
				D7B99E252449A16C00B41DE3 /* SportsSearch */,
				D7B99E242449A16C00B41DE3 /* Products */,
				C1982E566697A041781E43E9 /* Pods */,
				021F52D57253C8456690B630 /* Frameworks */,
			);
			sourceTree = "<group>";
		};
		D7B99E242449A16C00B41DE3 /* Products */ = {
			isa = PBXGroup;
			children = (
				D7B99E232449A16C00B41DE3 /* SportsSearch.app */,
			);
			name = Products;
			sourceTree = "<group>";
		};
		D7B99E252449A16C00B41DE3 /* SportsSearch */ = {
			isa = PBXGroup;
			children = (
				D70C0B3D244B419C00F35430 /* SportsSearch.entitlements */,
				D70C0B2E244B309200F35430 /* Others */,
				D70C0B23244ADBE700F35430 /* Modles */,
				D7B99E6E2449A37F00B41DE3 /* Views */,
				D7B99E622449A31B00B41DE3 /* Pages */,
				D7B99E452449A2B000B41DE3 /* Ultils */,
				D7B99E3A2449A29300B41DE3 /* Service */,
				D7B99E262449A16C00B41DE3 /* AppDelegate.swift */,
				D7B99E2A2449A16C00B41DE3 /* ViewController.swift */,
				D7B99E2C2449A16C00B41DE3 /* Main.storyboard */,
				D7B99E312449A17000B41DE3 /* LaunchScreen.storyboard */,
			);
			path = SportsSearch;
			sourceTree = "<group>";
		};
		D7B99E3A2449A29300B41DE3 /* Service */ = {
			isa = PBXGroup;
			children = (
				D7B99E3D2449A2A500B41DE3 /* APIService.swift */,
				D7B99E3B2449A2A400B41DE3 /* APITarget.swift */,
				D7B99E3E2449A2A500B41DE3 /* AppError.swift */,
				D7B99E3F2449A2A500B41DE3 /* Response+Codable.swift */,
				D7B99E3C2449A2A500B41DE3 /* Rx+Codable.swift */,
				D70C0B2C244B303500F35430 /* APIService+Search.swift */,
			);
			path = Service;
			sourceTree = "<group>";
		};
		D7B99E452449A2B000B41DE3 /* Ultils */ = {
			isa = PBXGroup;
			children = (
				D7B99E4D2449A2EA00B41DE3 /* Extension */,
				D7B99E4C2449A2DF00B41DE3 /* Protocol */,
				D7B99E462449A2CD00B41DE3 /* AppManager.swift */,
				D7B99E472449A2CD00B41DE3 /* Const.swift */,
				D7B99E482449A2CD00B41DE3 /* GCD.swift */,
			);
			path = Ultils;
			sourceTree = "<group>";
		};
		D7B99E4C2449A2DF00B41DE3 /* Protocol */ = {
			isa = PBXGroup;
			children = (
				3B85F84724680A94007EBA1C /* Identifiable.swift */,
				D7B99E4E2449A2FB00B41DE3 /* StoryboardInitializable.swift */,
				D7B99E4F2449A2FB00B41DE3 /* UserDefaultable.swift */,
			);
			path = Protocol;
			sourceTree = "<group>";
		};
		D7B99E4D2449A2EA00B41DE3 /* Extension */ = {
			isa = PBXGroup;
			children = (
				3B85F85024680D36007EBA1C /* UIView+Additions.swift */,
				D7B99E582449A30800B41DE3 /* AppDelegate+JPushNotification.swift */,
				D7B99E592449A30800B41DE3 /* Color+Extension.swift */,
				D7B99E572449A30800B41DE3 /* Date+Extension.swift */,
				D7B99E532449A30700B41DE3 /* Device+Extension.swift */,
				D7B99E552449A30800B41DE3 /* String+Extension.swift */,
				D7B99E542449A30800B41DE3 /* UIApplication+Extension.swift */,
				D7B99E522449A30700B41DE3 /* URL+Additions.swift */,
				D7B99E562449A30800B41DE3 /* UserDefault+Extension.swift */,
				D7BDBDA3244B6B9400D31559 /* UIView+Blur.swift */,
			);
			path = Extension;
			sourceTree = "<group>";
		};
		D7B99E622449A31B00B41DE3 /* Pages */ = {
			isa = PBXGroup;
			children = (
				D7700114244C012300D34D8A /* DetailPage */,
				D7B99E712449A57A00B41DE3 /* Home */,
				D7B99E6D2449A35E00B41DE3 /* BaseViewController.swift */,
				D7B99E682449A34500B41DE3 /* Privicy */,
				D7B99E632449A32400B41DE3 /* Launch */,
			);
			path = Pages;
			sourceTree = "<group>";
		};
		D7B99E632449A32400B41DE3 /* Launch */ = {
			isa = PBXGroup;
			children = (
				D7B99E652449A33200B41DE3 /* LaunchViewController.xib */,
				D7B99E642449A33200B41DE3 /* LaunchViewController.swift */,
			);
			path = Launch;
			sourceTree = "<group>";
		};
		D7B99E682449A34500B41DE3 /* Privicy */ = {
			isa = PBXGroup;
			children = (
				D7B99E6A2449A35600B41DE3 /* PrivicyViewController.swift */,
				D7B99E692449A35600B41DE3 /* PrivicyViewController.xib */,
			);
			path = Privicy;
			sourceTree = "<group>";
		};
		D7B99E6E2449A37F00B41DE3 /* Views */ = {
			isa = PBXGroup;
			children = (
				D7B99E6F2449A38700B41DE3 /* Alert.swift */,
				3B85F84424680A32007EBA1C /* BaseCollectionViewCell.swift */,
				3B85F84324680A32007EBA1C /* BaseTableViewCell.swift */,
			);
			path = Views;
			sourceTree = "<group>";
		};
		D7B99E712449A57A00B41DE3 /* Home */ = {
			isa = PBXGroup;
			children = (
				D7B99E722449A5AE00B41DE3 /* HomeViewController.swift */,
				D7B99E732449A5AE00B41DE3 /* HomeViewController.xib */,
				D7BDBDA1244B536400D31559 /* HomePageReactor.swift */,
			);
			path = Home;
			sourceTree = "<group>";
		};
/* End PBXGroup section */

/* Begin PBXNativeTarget section */
		D7B99E222449A16C00B41DE3 /* SportsSearch */ = {
			isa = PBXNativeTarget;
			buildConfigurationList = D7B99E372449A17000B41DE3 /* Build configuration list for PBXNativeTarget "SportsSearch" */;
			buildPhases = (
				C120D2BE992A0F62E9A0B358 /* [CP] Check Pods Manifest.lock */,
				D7B99E1F2449A16C00B41DE3 /* Sources */,
				D7B99E202449A16C00B41DE3 /* Frameworks */,
				D7B99E212449A16C00B41DE3 /* Resources */,
				662B4D500BAC107FE5207582 /* [CP] Embed Pods Frameworks */,
			);
			buildRules = (
			);
			dependencies = (
			);
			name = SportsSearch;
			productName = SportsSearch;
			productReference = D7B99E232449A16C00B41DE3 /* SportsSearch.app */;
			productType = "com.apple.product-type.application";
		};
/* End PBXNativeTarget section */

/* Begin PBXProject section */
		D7B99E1B2449A16C00B41DE3 /* Project object */ = {
			isa = PBXProject;
			attributes = {
				LastSwiftUpdateCheck = 1140;
				LastUpgradeCheck = 1140;
				ORGANIZATIONNAME = wanglei;
				TargetAttributes = {
					D7B99E222449A16C00B41DE3 = {
						CreatedOnToolsVersion = 11.4;
						LastSwiftMigration = 1140;
					};
				};
			};
			buildConfigurationList = D7B99E1E2449A16C00B41DE3 /* Build configuration list for PBXProject "SportsSearch" */;
			compatibilityVersion = "Xcode 9.3";
			developmentRegion = en;
			hasScannedForEncodings = 0;
			knownRegions = (
				en,
				Base,
			);
			mainGroup = D7B99E1A2449A16C00B41DE3;
			productRefGroup = D7B99E242449A16C00B41DE3 /* Products */;
			projectDirPath = "";
			projectRoot = "";
			targets = (
				D7B99E222449A16C00B41DE3 /* SportsSearch */,
			);
		};
/* End PBXProject section */

/* Begin PBXResourcesBuildPhase section */
		D7B99E212449A16C00B41DE3 /* Resources */ = {
			isa = PBXResourcesBuildPhase;
			buildActionMask = 2147483647;
			files = (
				D7B99E6B2449A35600B41DE3 /* PrivicyViewController.xib in Resources */,
				D7B99E332449A17000B41DE3 /* LaunchScreen.storyboard in Resources */,
				3B85F84F24680AE8007EBA1C /* PlayerBreifInfoTableViewCell.xib in Resources */,
				D7BDBDA8244B75D600D31559 /* DetailViewController.xib in Resources */,
				D7B99E302449A17000B41DE3 /* Assets.xcassets in Resources */,
				3B85F8602469028D007EBA1C /* PlayerSocialTableViewCell.xib in Resources */,
				D7B99E2E2449A16C00B41DE3 /* Main.storyboard in Resources */,
				D7B99E672449A33200B41DE3 /* LaunchViewController.xib in Resources */,
				3B85F8422468096B007EBA1C /* PlayerDetailViewController.xib in Resources */,
				3B85F85C24684D5D007EBA1C /* PlayerPhotoCollectionTableViewCell.xib in Resources */,
				D7B99E752449A5AE00B41DE3 /* HomeViewController.xib in Resources */,
				3B85F85524684394007EBA1C /* PlayerDescTableViewCell.xib in Resources */,
			);
			runOnlyForDeploymentPostprocessing = 0;
		};
/* End PBXResourcesBuildPhase section */

/* Begin PBXShellScriptBuildPhase section */
		662B4D500BAC107FE5207582 /* [CP] Embed Pods Frameworks */ = {
			isa = PBXShellScriptBuildPhase;
			buildActionMask = 2147483647;
			files = (
			);
			inputFileListPaths = (
				"${PODS_ROOT}/Target Support Files/Pods-SportsSearch/Pods-SportsSearch-frameworks-${CONFIGURATION}-input-files.xcfilelist",
			);
			name = "[CP] Embed Pods Frameworks";
			outputFileListPaths = (
				"${PODS_ROOT}/Target Support Files/Pods-SportsSearch/Pods-SportsSearch-frameworks-${CONFIGURATION}-output-files.xcfilelist",
			);
			runOnlyForDeploymentPostprocessing = 0;
			shellPath = /bin/sh;
			shellScript = "\"${PODS_ROOT}/Target Support Files/Pods-SportsSearch/Pods-SportsSearch-frameworks.sh\"\n";
			showEnvVarsInLog = 0;
		};
		C120D2BE992A0F62E9A0B358 /* [CP] Check Pods Manifest.lock */ = {
			isa = PBXShellScriptBuildPhase;
			buildActionMask = 2147483647;
			files = (
			);
			inputFileListPaths = (
			);
			inputPaths = (
				"${PODS_PODFILE_DIR_PATH}/Podfile.lock",
				"${PODS_ROOT}/Manifest.lock",
			);
			name = "[CP] Check Pods Manifest.lock";
			outputFileListPaths = (
			);
			outputPaths = (
				"$(DERIVED_FILE_DIR)/Pods-SportsSearch-checkManifestLockResult.txt",
			);
			runOnlyForDeploymentPostprocessing = 0;
			shellPath = /bin/sh;
			shellScript = "diff \"${PODS_PODFILE_DIR_PATH}/Podfile.lock\" \"${PODS_ROOT}/Manifest.lock\" > /dev/null\nif [ $? != 0 ] ; then\n    # print error to STDERR\n    echo \"error: The sandbox is not in sync with the Podfile.lock. Run 'pod install' or update your CocoaPods installation.\" >&2\n    exit 1\nfi\n# This output is used by Xcode 'outputs' to avoid re-running this script phase.\necho \"SUCCESS\" > \"${SCRIPT_OUTPUT_FILE_0}\"\n";
			showEnvVarsInLog = 0;
		};
/* End PBXShellScriptBuildPhase section */

/* Begin PBXSourcesBuildPhase section */
		D7B99E1F2449A16C00B41DE3 /* Sources */ = {
			isa = PBXSourcesBuildPhase;
			buildActionMask = 2147483647;
			files = (
				D7B99E742449A5AE00B41DE3 /* HomeViewController.swift in Sources */,
				D7B99E512449A2FB00B41DE3 /* UserDefaultable.swift in Sources */,
				D7B99E612449A30800B41DE3 /* Color+Extension.swift in Sources */,
				D7B99E5B2449A30800B41DE3 /* Device+Extension.swift in Sources */,
				D7B99E5C2449A30800B41DE3 /* UIApplication+Extension.swift in Sources */,
				3B85F84E24680AE8007EBA1C /* PlayerBreifInfoTableViewCell.swift in Sources */,
				D7B99E6C2449A35600B41DE3 /* PrivicyViewController.swift in Sources */,
				D7B99E412449A2A500B41DE3 /* Rx+Codable.swift in Sources */,
				3B85F86224696BDE007EBA1C /* SportsType.swift in Sources */,
				D7B99E702449A38700B41DE3 /* Alert.swift in Sources */,
				D7B99E2B2449A16C00B41DE3 /* ViewController.swift in Sources */,
				D7B99E502449A2FB00B41DE3 /* StoryboardInitializable.swift in Sources */,
				3B85F85824684C86007EBA1C /* PlayerDetailSectionModel.swift in Sources */,
				D7B99E602449A30800B41DE3 /* AppDelegate+JPushNotification.swift in Sources */,
				D7BDBDA4244B6B9400D31559 /* UIView+Blur.swift in Sources */,
				D7B99E272449A16C00B41DE3 /* AppDelegate.swift in Sources */,
				D7B99E5A2449A30800B41DE3 /* URL+Additions.swift in Sources */,
				D70C0B32244B329F00F35430 /* BaseViewController.swift in Sources */,
				3B85F85B24684D5D007EBA1C /* PlayerPhotoCollectionTableViewCell.swift in Sources */,
				D7B99E5D2449A30800B41DE3 /* String+Extension.swift in Sources */,
				D7B99E422449A2A500B41DE3 /* APIService.swift in Sources */,
				D70C0B2D244B303500F35430 /* APIService+Search.swift in Sources */,
				D70C0B2A244B2FB500F35430 /* Team.swift in Sources */,
				3B85F84824680A94007EBA1C /* Identifiable.swift in Sources */,
				D7BDBDA2244B536400D31559 /* HomePageReactor.swift in Sources */,
				3B85F85F2469028D007EBA1C /* PlayerSocialTableViewCell.swift in Sources */,
				D70C0B3A244B376800F35430 /* AppVersion.swift in Sources */,
				D7B99E442449A2A500B41DE3 /* Response+Codable.swift in Sources */,
				3B85F84524680A32007EBA1C /* BaseTableViewCell.swift in Sources */,
				D7B99E492449A2CD00B41DE3 /* AppManager.swift in Sources */,
				3B85F85124680D36007EBA1C /* UIView+Additions.swift in Sources */,
				D70C0B30244B30AA00F35430 /* GlobalImports.swift in Sources */,
				D7B99E4B2449A2CD00B41DE3 /* GCD.swift in Sources */,
				D7B99E5E2449A30800B41DE3 /* UserDefault+Extension.swift in Sources */,
				D7B99E402449A2A500B41DE3 /* APITarget.swift in Sources */,
				D7BDBDA7244B75D600D31559 /* DetailViewController.swift in Sources */,
				3B85F84624680A32007EBA1C /* BaseCollectionViewCell.swift in Sources */,
				D7B99E432449A2A500B41DE3 /* AppError.swift in Sources */,
				D7B99E662449A33200B41DE3 /* LaunchViewController.swift in Sources */,
				D7B99E5F2449A30800B41DE3 /* Date+Extension.swift in Sources */,
				D70C0B26244ADC2B00F35430 /* PlayerResult.swift in Sources */,
				3B85F8412468096B007EBA1C /* PlayerDetailViewController.swift in Sources */,
				D70C0B2B244B2FB500F35430 /* TeamResult.swift in Sources */,
				D70C0B27244ADC2B00F35430 /* Player.swift in Sources */,
				D7B99E4A2449A2CD00B41DE3 /* Const.swift in Sources */,
				3B85F85424684394007EBA1C /* PlayerDescTableViewCell.swift in Sources */,
			);
			runOnlyForDeploymentPostprocessing = 0;
		};
/* End PBXSourcesBuildPhase section */

/* Begin PBXVariantGroup section */
		D7B99E2C2449A16C00B41DE3 /* Main.storyboard */ = {
			isa = PBXVariantGroup;
			children = (
				D7B99E2D2449A16C00B41DE3 /* Base */,
			);
			name = Main.storyboard;
			sourceTree = "<group>";
		};
		D7B99E312449A17000B41DE3 /* LaunchScreen.storyboard */ = {
			isa = PBXVariantGroup;
			children = (
				D7B99E322449A17000B41DE3 /* Base */,
			);
			name = LaunchScreen.storyboard;
			sourceTree = "<group>";
		};
/* End PBXVariantGroup section */

/* Begin XCBuildConfiguration section */
		D7B99E352449A17000B41DE3 /* Debug */ = {
			isa = XCBuildConfiguration;
			buildSettings = {
				ALWAYS_SEARCH_USER_PATHS = NO;
				CLANG_ANALYZER_NONNULL = YES;
				CLANG_ANALYZER_NUMBER_OBJECT_CONVERSION = YES_AGGRESSIVE;
				CLANG_CXX_LANGUAGE_STANDARD = "gnu++14";
				CLANG_CXX_LIBRARY = "libc++";
				CLANG_ENABLE_MODULES = YES;
				CLANG_ENABLE_OBJC_ARC = YES;
				CLANG_ENABLE_OBJC_WEAK = YES;
				CLANG_WARN_BLOCK_CAPTURE_AUTORELEASING = YES;
				CLANG_WARN_BOOL_CONVERSION = YES;
				CLANG_WARN_COMMA = YES;
				CLANG_WARN_CONSTANT_CONVERSION = YES;
				CLANG_WARN_DEPRECATED_OBJC_IMPLEMENTATIONS = YES;
				CLANG_WARN_DIRECT_OBJC_ISA_USAGE = YES_ERROR;
				CLANG_WARN_DOCUMENTATION_COMMENTS = YES;
				CLANG_WARN_EMPTY_BODY = YES;
				CLANG_WARN_ENUM_CONVERSION = YES;
				CLANG_WARN_INFINITE_RECURSION = YES;
				CLANG_WARN_INT_CONVERSION = YES;
				CLANG_WARN_NON_LITERAL_NULL_CONVERSION = YES;
				CLANG_WARN_OBJC_IMPLICIT_RETAIN_SELF = YES;
				CLANG_WARN_OBJC_LITERAL_CONVERSION = YES;
				CLANG_WARN_OBJC_ROOT_CLASS = YES_ERROR;
				CLANG_WARN_RANGE_LOOP_ANALYSIS = YES;
				CLANG_WARN_STRICT_PROTOTYPES = YES;
				CLANG_WARN_SUSPICIOUS_MOVE = YES;
				CLANG_WARN_UNGUARDED_AVAILABILITY = YES_AGGRESSIVE;
				CLANG_WARN_UNREACHABLE_CODE = YES;
				CLANG_WARN__DUPLICATE_METHOD_MATCH = YES;
				COPY_PHASE_STRIP = NO;
				DEBUG_INFORMATION_FORMAT = dwarf;
				ENABLE_STRICT_OBJC_MSGSEND = YES;
				ENABLE_TESTABILITY = YES;
				GCC_C_LANGUAGE_STANDARD = gnu11;
				GCC_DYNAMIC_NO_PIC = NO;
				GCC_NO_COMMON_BLOCKS = YES;
				GCC_OPTIMIZATION_LEVEL = 0;
				GCC_PREPROCESSOR_DEFINITIONS = (
					"DEBUG=1",
					"$(inherited)",
				);
				GCC_WARN_64_TO_32_BIT_CONVERSION = YES;
				GCC_WARN_ABOUT_RETURN_TYPE = YES_ERROR;
				GCC_WARN_UNDECLARED_SELECTOR = YES;
				GCC_WARN_UNINITIALIZED_AUTOS = YES_AGGRESSIVE;
				GCC_WARN_UNUSED_FUNCTION = YES;
				GCC_WARN_UNUSED_VARIABLE = YES;
				IPHONEOS_DEPLOYMENT_TARGET = 13.4;
				MTL_ENABLE_DEBUG_INFO = INCLUDE_SOURCE;
				MTL_FAST_MATH = YES;
				ONLY_ACTIVE_ARCH = YES;
				SDKROOT = iphoneos;
				SWIFT_ACTIVE_COMPILATION_CONDITIONS = DEBUG;
				SWIFT_OPTIMIZATION_LEVEL = "-Onone";
			};
			name = Debug;
		};
		D7B99E362449A17000B41DE3 /* Release */ = {
			isa = XCBuildConfiguration;
			buildSettings = {
				ALWAYS_SEARCH_USER_PATHS = NO;
				CLANG_ANALYZER_NONNULL = YES;
				CLANG_ANALYZER_NUMBER_OBJECT_CONVERSION = YES_AGGRESSIVE;
				CLANG_CXX_LANGUAGE_STANDARD = "gnu++14";
				CLANG_CXX_LIBRARY = "libc++";
				CLANG_ENABLE_MODULES = YES;
				CLANG_ENABLE_OBJC_ARC = YES;
				CLANG_ENABLE_OBJC_WEAK = YES;
				CLANG_WARN_BLOCK_CAPTURE_AUTORELEASING = YES;
				CLANG_WARN_BOOL_CONVERSION = YES;
				CLANG_WARN_COMMA = YES;
				CLANG_WARN_CONSTANT_CONVERSION = YES;
				CLANG_WARN_DEPRECATED_OBJC_IMPLEMENTATIONS = YES;
				CLANG_WARN_DIRECT_OBJC_ISA_USAGE = YES_ERROR;
				CLANG_WARN_DOCUMENTATION_COMMENTS = YES;
				CLANG_WARN_EMPTY_BODY = YES;
				CLANG_WARN_ENUM_CONVERSION = YES;
				CLANG_WARN_INFINITE_RECURSION = YES;
				CLANG_WARN_INT_CONVERSION = YES;
				CLANG_WARN_NON_LITERAL_NULL_CONVERSION = YES;
				CLANG_WARN_OBJC_IMPLICIT_RETAIN_SELF = YES;
				CLANG_WARN_OBJC_LITERAL_CONVERSION = YES;
				CLANG_WARN_OBJC_ROOT_CLASS = YES_ERROR;
				CLANG_WARN_RANGE_LOOP_ANALYSIS = YES;
				CLANG_WARN_STRICT_PROTOTYPES = YES;
				CLANG_WARN_SUSPICIOUS_MOVE = YES;
				CLANG_WARN_UNGUARDED_AVAILABILITY = YES_AGGRESSIVE;
				CLANG_WARN_UNREACHABLE_CODE = YES;
				CLANG_WARN__DUPLICATE_METHOD_MATCH = YES;
				COPY_PHASE_STRIP = NO;
				DEBUG_INFORMATION_FORMAT = "dwarf-with-dsym";
				ENABLE_NS_ASSERTIONS = NO;
				ENABLE_STRICT_OBJC_MSGSEND = YES;
				GCC_C_LANGUAGE_STANDARD = gnu11;
				GCC_NO_COMMON_BLOCKS = YES;
				GCC_WARN_64_TO_32_BIT_CONVERSION = YES;
				GCC_WARN_ABOUT_RETURN_TYPE = YES_ERROR;
				GCC_WARN_UNDECLARED_SELECTOR = YES;
				GCC_WARN_UNINITIALIZED_AUTOS = YES_AGGRESSIVE;
				GCC_WARN_UNUSED_FUNCTION = YES;
				GCC_WARN_UNUSED_VARIABLE = YES;
				IPHONEOS_DEPLOYMENT_TARGET = 13.4;
				MTL_ENABLE_DEBUG_INFO = NO;
				MTL_FAST_MATH = YES;
				SDKROOT = iphoneos;
				SWIFT_COMPILATION_MODE = wholemodule;
				SWIFT_OPTIMIZATION_LEVEL = "-O";
				VALIDATE_PRODUCT = YES;
			};
			name = Release;
		};
		D7B99E382449A17000B41DE3 /* Debug */ = {
			isa = XCBuildConfiguration;
			baseConfigurationReference = 0EF9732768ACD7975799361E /* Pods-SportsSearch.debug.xcconfig */;
			buildSettings = {
				ASSETCATALOG_COMPILER_APPICON_NAME = AppIcon;
				CLANG_ENABLE_MODULES = YES;
				CODE_SIGN_ENTITLEMENTS = SportsSearch/SportsSearch.entitlements;
				CODE_SIGN_STYLE = Automatic;
				CURRENT_PROJECT_VERSION = 1;
				DEVELOPMENT_TEAM = P44EYH8J9B;
				INFOPLIST_FILE = SportsSearch/Info.plist;
				IPHONEOS_DEPLOYMENT_TARGET = 10.0;
				LD_RUNPATH_SEARCH_PATHS = (
					"$(inherited)",
					"@executable_path/Frameworks",
				);
				MARKETING_VERSION = 1.0.0;
				PRODUCT_BUNDLE_IDENTIFIER = com.wanglei.SportsSearch;
				PRODUCT_NAME = "$(TARGET_NAME)";
				SWIFT_OBJC_BRIDGING_HEADER = "SportsSearch/Others/SportsSearch-Bridging-Header.h";
				SWIFT_OPTIMIZATION_LEVEL = "-Onone";
				SWIFT_VERSION = 5.0;
				TARGETED_DEVICE_FAMILY = 1;
			};
			name = Debug;
		};
		D7B99E392449A17000B41DE3 /* Release */ = {
			isa = XCBuildConfiguration;
			baseConfigurationReference = B12D903BB382700C4E89A686 /* Pods-SportsSearch.release.xcconfig */;
			buildSettings = {
				ASSETCATALOG_COMPILER_APPICON_NAME = AppIcon;
				CLANG_ENABLE_MODULES = YES;
				CODE_SIGN_ENTITLEMENTS = SportsSearch/SportsSearch.entitlements;
				CODE_SIGN_STYLE = Automatic;
				CURRENT_PROJECT_VERSION = 1;
				DEVELOPMENT_TEAM = P44EYH8J9B;
				INFOPLIST_FILE = SportsSearch/Info.plist;
				IPHONEOS_DEPLOYMENT_TARGET = 10.0;
				LD_RUNPATH_SEARCH_PATHS = (
					"$(inherited)",
					"@executable_path/Frameworks",
				);
				MARKETING_VERSION = 1.0.0;
				PRODUCT_BUNDLE_IDENTIFIER = com.wanglei.SportsSearch;
				PRODUCT_NAME = "$(TARGET_NAME)";
				SWIFT_OBJC_BRIDGING_HEADER = "SportsSearch/Others/SportsSearch-Bridging-Header.h";
				SWIFT_VERSION = 5.0;
				TARGETED_DEVICE_FAMILY = 1;
			};
			name = Release;
		};
/* End XCBuildConfiguration section */

/* Begin XCConfigurationList section */
		D7B99E1E2449A16C00B41DE3 /* Build configuration list for PBXProject "SportsSearch" */ = {
			isa = XCConfigurationList;
			buildConfigurations = (
				D7B99E352449A17000B41DE3 /* Debug */,
				D7B99E362449A17000B41DE3 /* Release */,
			);
			defaultConfigurationIsVisible = 0;
			defaultConfigurationName = Release;
		};
		D7B99E372449A17000B41DE3 /* Build configuration list for PBXNativeTarget "SportsSearch" */ = {
			isa = XCConfigurationList;
			buildConfigurations = (
				D7B99E382449A17000B41DE3 /* Debug */,
				D7B99E392449A17000B41DE3 /* Release */,
			);
			defaultConfigurationIsVisible = 0;
			defaultConfigurationName = Release;
		};
/* End XCConfigurationList section */
	};
	rootObject = D7B99E1B2449A16C00B41DE3 /* Project object */;
}
